
Microsoft Visual Studio Solution File, Format Version 12.00
# Visual Studio 14
VisualStudioVersion = 14.0.23107.0
MinimumVisualStudioVersion = 10.0.40219.1
Project("{FAE04EC0-301F-11D3-BF4B-00C04F79EFBC}") = "WCF.RESTService", "WCF.RESTService\WCF.RESTService.csproj", "{624B21A7-4D67-4069-9F62-5D96D9BFA97F}"
EndProject
Project("{FAE04EC0-301F-11D3-BF4B-00C04F79EFBC}") = "WCF.RESTService.Host", "WCF.RESTService.Host\WCF.RESTService.Host.csproj", "{0BF3F4A7-548D-4357-8233-88FCA12D6A11}"
EndProject
Global
	GlobalSection(SolutionConfigurationPlatforms) = preSolution
		Debug|Any CPU = Debug|Any CPU
		Release|Any CPU = Release|Any CPU
	EndGlobalSection
	GlobalSection(ProjectConfigurationPlatforms) = postSolution
		{624B21A7-4D67-4069-9F62-5D96D9BFA97F}.Debug|Any CPU.ActiveCfg = Debug|Any CPU
		{624B21A7-4D67-4069-9F62-5D96D9BFA97F}.Debug|Any CPU.Build.0 = Debug|Any CPU
		{624B21A7-4D67-4069-9F62-5D96D9BFA97F}.Release|Any CPU.ActiveCfg = Release|Any CPU
		{624B21A7-4D67-4069-9F62-5D96D9BFA97F}.Release|Any CPU.Build.0 = Release|Any CPU
		{0BF3F4A7-548D-4357-8233-88FCA12D6A11}.Debug|Any CPU.ActiveCfg = Debug|Any CPU
		{0BF3F4A7-548D-4357-8233-88FCA12D6A11}.Debug|Any CPU.Build.0 = Debug|Any CPU
		{0BF3F4A7-548D-4357-8233-88FCA12D6A11}.Release|Any CPU.ActiveCfg = Release|Any CPU
		{0BF3F4A7-548D-4357-8233-88FCA12D6A11}.Release|Any CPU.Build.0 = Release|Any CPU
	EndGlobalSection
	GlobalSection(SolutionProperties) = preSolution
		HideSolutionNode = FALSE
	EndGlobalSection
EndGlobal
